{
  "requires": true,
  "lockfileVersion": 1,
  "dependencies": {
    "lodash.isplainobject": {
      "version": "4.0.6",
      "resolved": "https://registry.npmjs.org/lodash.isplainobject/-/lodash.isplainobject-4.0.6.tgz",
      "integrity": "sha1-fFJqUtibRcRcxpC4gWO+BJf1UMs="
    },
    "redux-mock-store": {
      "version": "1.5.4",
      "resolved": "https://registry.npmjs.org/redux-mock-store/-/redux-mock-store-1.5.4.tgz",
      "integrity": "sha512-xmcA0O/tjCLXhh9Fuiq6pMrJCwFRaouA8436zcikdIpYWWCjU76CRk+i2bHx8EeiSiMGnB85/lZdU3wIJVXHTA==",
      "requires": {
        "lodash.isplainobject": "^4.0.6"
      }
    }
  }
}
